
Microsoft Visual Studio Solution File, Format Version 12.00
# Visual Studio Version 16
VisualStudioVersion = 16.0.29806.167
MinimumVisualStudioVersion = 15.0.26124.0
Project("{9A19103F-16F7-4668-BE54-9A1E7A4F7556}") = "AdapterPattern", "AdapterPattern\AdapterPattern.csproj", "{475536AE-E1C0-4805-A15F-0E40B8DD333A}"
EndProject
Project("{9A19103F-16F7-4668-BE54-9A1E7A4F7556}") = "AdapterPattern.Test", "AdapterPattern.Test\AdapterPattern.Test.csproj", "{5716B18C-0E6B-4820-81A7-F91A49880C4C}"
EndProject
Global
	GlobalSection(SolutionConfigurationPlatforms) = preSolution
		Debug|Any CPU = Debug|Any CPU
		Debug|x64 = Debug|x64
		Debug|x86 = Debug|x86
		Release|Any CPU = Release|Any CPU
		Release|x64 = Release|x64
		Release|x86 = Release|x86
	EndGlobalSection
	GlobalSection(ProjectConfigurationPlatforms) = postSolution
		{475536AE-E1C0-4805-A15F-0E40B8DD333A}.Debug|Any CPU.ActiveCfg = Debug|Any CPU
		{475536AE-E1C0-4805-A15F-0E40B8DD333A}.Debug|Any CPU.Build.0 = Debug|Any CPU
		{475536AE-E1C0-4805-A15F-0E40B8DD333A}.Debug|x64.ActiveCfg = Debug|Any CPU
		{475536AE-E1C0-4805-A15F-0E40B8DD333A}.Debug|x64.Build.0 = Debug|Any CPU
		{475536AE-E1C0-4805-A15F-0E40B8DD333A}.Debug|x86.ActiveCfg = Debug|Any CPU
		{475536AE-E1C0-4805-A15F-0E40B8DD333A}.Debug|x86.Build.0 = Debug|Any CPU
		{475536AE-E1C0-4805-A15F-0E40B8DD333A}.Release|Any CPU.ActiveCfg = Release|Any CPU
		{475536AE-E1C0-4805-A15F-0E40B8DD333A}.Release|Any CPU.Build.0 = Release|Any CPU
		{475536AE-E1C0-4805-A15F-0E40B8DD333A}.Release|x64.ActiveCfg = Release|Any CPU
		{475536AE-E1C0-4805-A15F-0E40B8DD333A}.Release|x64.Build.0 = Release|Any CPU
		{475536AE-E1C0-4805-A15F-0E40B8DD333A}.Release|x86.ActiveCfg = Release|Any CPU
		{475536AE-E1C0-4805-A15F-0E40B8DD333A}.Release|x86.Build.0 = Release|Any CPU
		{5716B18C-0E6B-4820-81A7-F91A49880C4C}.Debug|Any CPU.ActiveCfg = Debug|Any CPU
		{5716B18C-0E6B-4820-81A7-F91A49880C4C}.Debug|Any CPU.Build.0 = Debug|Any CPU
		{5716B18C-0E6B-4820-81A7-F91A49880C4C}.Debug|x64.ActiveCfg = Debug|Any CPU
		{5716B18C-0E6B-4820-81A7-F91A49880C4C}.Debug|x64.Build.0 = Debug|Any CPU
		{5716B18C-0E6B-4820-81A7-F91A49880C4C}.Debug|x86.ActiveCfg = Debug|Any CPU
		{5716B18C-0E6B-4820-81A7-F91A49880C4C}.Debug|x86.Build.0 = Debug|Any CPU
		{5716B18C-0E6B-4820-81A7-F91A49880C4C}.Release|Any CPU.ActiveCfg = Release|Any CPU
		{5716B18C-0E6B-4820-81A7-F91A49880C4C}.Release|Any CPU.Build.0 = Release|Any CPU
		{5716B18C-0E6B-4820-81A7-F91A49880C4C}.Release|x64.ActiveCfg = Release|Any CPU
		{5716B18C-0E6B-4820-81A7-F91A49880C4C}.Release|x64.Build.0 = Release|Any CPU
		{5716B18C-0E6B-4820-81A7-F91A49880C4C}.Release|x86.ActiveCfg = Release|Any CPU
		{5716B18C-0E6B-4820-81A7-F91A49880C4C}.Release|x86.Build.0 = Release|Any CPU
	EndGlobalSection
	GlobalSection(SolutionProperties) = preSolution
		HideSolutionNode = FALSE
	EndGlobalSection
	GlobalSection(ExtensibilityGlobals) = postSolution
		SolutionGuid = {9C6D18C4-1ED7-48C9-86B2-11968D4B76FE}
	EndGlobalSection
EndGlobal
